
Microsoft Visual Studio Solution File, Format Version 12.00
# Visual Studio 16
Project("{FAE04EC0-301F-11D3-BF4B-00C04F79EFBC}") = "Assembly-CSharp", "Assembly-CSharp.csproj", "{40074D3D-A52A-D427-7152-73B63CE3D255}"
EndProject
Project("{FAE04EC0-301F-11D3-BF4B-00C04F79EFBC}") = "Assembly-CSharp-Editor", "Assembly-CSharp-Editor.csproj", "{FC54078D-4A17-CE7E-5A81-6C2097486CE1}"
EndProject
Global
	GlobalSection(SolutionConfigurationPlatforms) = preSolution
		Debug|Any CPU = Debug|Any CPU
		Release|Any CPU = Release|Any CPU
	EndGlobalSection
	GlobalSection(ProjectConfigurationPlatforms) = postSolution
		{40074D3D-A52A-D427-7152-73B63CE3D255}.Debug|Any CPU.ActiveCfg = Debug|Any CPU
		{40074D3D-A52A-D427-7152-73B63CE3D255}.Debug|Any CPU.Build.0 = Debug|Any CPU
		{40074D3D-A52A-D427-7152-73B63CE3D255}.Release|Any CPU.ActiveCfg = Release|Any CPU
		{40074D3D-A52A-D427-7152-73B63CE3D255}.Release|Any CPU.Build.0 = Release|Any CPU
		{FC54078D-4A17-CE7E-5A81-6C2097486CE1}.Debug|Any CPU.ActiveCfg = Debug|Any CPU
		{FC54078D-4A17-CE7E-5A81-6C2097486CE1}.Debug|Any CPU.Build.0 = Debug|Any CPU
		{FC54078D-4A17-CE7E-5A81-6C2097486CE1}.Release|Any CPU.ActiveCfg = Release|Any CPU
		{FC54078D-4A17-CE7E-5A81-6C2097486CE1}.Release|Any CPU.Build.0 = Release|Any CPU
	EndGlobalSection
	GlobalSection(SolutionProperties) = preSolution
		HideSolutionNode = FALSE
	EndGlobalSection
EndGlobal
