
Microsoft Visual Studio Solution File, Format Version 12.00
# Visual Studio 16
Project("{FAE04EC0-301F-11D3-BF4B-00C04F79EFBC}") = "Assembly-CSharp", "Assembly-CSharp.csproj", "{F8E6E05C-957D-7E91-B76F-70D365003542}"
EndProject
Project("{FAE04EC0-301F-11D3-BF4B-00C04F79EFBC}") = "Assembly-CSharp-firstpass", "Assembly-CSharp-firstpass.csproj", "{D688CBF6-B802-739E-DF4E-9241C444D8B0}"
EndProject
Project("{FAE04EC0-301F-11D3-BF4B-00C04F79EFBC}") = "Assembly-CSharp-Editor-firstpass", "Assembly-CSharp-Editor-firstpass.csproj", "{0A4FCDC3-C945-9F4B-6C6B-DFBC0E402A71}"
EndProject
Global
	GlobalSection(SolutionConfigurationPlatforms) = preSolution
		Debug|Any CPU = Debug|Any CPU
		Release|Any CPU = Release|Any CPU
	EndGlobalSection
	GlobalSection(ProjectConfigurationPlatforms) = postSolution
		{F8E6E05C-957D-7E91-B76F-70D365003542}.Debug|Any CPU.ActiveCfg = Debug|Any CPU
		{F8E6E05C-957D-7E91-B76F-70D365003542}.Debug|Any CPU.Build.0 = Debug|Any CPU
		{F8E6E05C-957D-7E91-B76F-70D365003542}.Release|Any CPU.ActiveCfg = Release|Any CPU
		{F8E6E05C-957D-7E91-B76F-70D365003542}.Release|Any CPU.Build.0 = Release|Any CPU
		{D688CBF6-B802-739E-DF4E-9241C444D8B0}.Debug|Any CPU.ActiveCfg = Debug|Any CPU
		{D688CBF6-B802-739E-DF4E-9241C444D8B0}.Debug|Any CPU.Build.0 = Debug|Any CPU
		{D688CBF6-B802-739E-DF4E-9241C444D8B0}.Release|Any CPU.ActiveCfg = Release|Any CPU
		{D688CBF6-B802-739E-DF4E-9241C444D8B0}.Release|Any CPU.Build.0 = Release|Any CPU
		{0A4FCDC3-C945-9F4B-6C6B-DFBC0E402A71}.Debug|Any CPU.ActiveCfg = Debug|Any CPU
		{0A4FCDC3-C945-9F4B-6C6B-DFBC0E402A71}.Debug|Any CPU.Build.0 = Debug|Any CPU
		{0A4FCDC3-C945-9F4B-6C6B-DFBC0E402A71}.Release|Any CPU.ActiveCfg = Release|Any CPU
		{0A4FCDC3-C945-9F4B-6C6B-DFBC0E402A71}.Release|Any CPU.Build.0 = Release|Any CPU
	EndGlobalSection
	GlobalSection(SolutionProperties) = preSolution
		HideSolutionNode = FALSE
	EndGlobalSection
EndGlobal
